
Microsoft Visual Studio Solution File, Format Version 12.00
# Visual Studio Version 17
VisualStudioVersion = 17.12.35527.113 d17.12
MinimumVisualStudioVersion = 10.0.40219.1
Project("{E24C65DC-7377-472B-9ABA-BC803B73C61A}") = "Web_Login", ".", "{5DF71D1F-94AA-41CE-8A20-84718486F469}"
	ProjectSection(WebsiteProperties) = preProject
		TargetFrameworkMoniker = ".NETFramework,Version%3Dv4.8"
		ProjectReferences = "{55839ad5-bee4-4a51-880a-fe591058579a}|SERVICIOS.dll;{49c19490-ac62-429f-8411-f50826478c25}|BE.dll;{37a95a28-3442-4fc7-9a1a-de41425740ed}|BLL.dll;{AB79FCB6-0D2F-439C-BBE4-025A775FADDD}|DAL.dll;"
		Debug.AspNetCompiler.VirtualPath = "/localhost_51056"
		Debug.AspNetCompiler.PhysicalPath = "..\Web_Login\"
		Debug.AspNetCompiler.TargetPath = "PrecompiledWeb\localhost_51056\"
		Debug.AspNetCompiler.Updateable = "true"
		Debug.AspNetCompiler.ForceOverwrite = "true"
		Debug.AspNetCompiler.FixedNames = "false"
		Debug.AspNetCompiler.Debug = "True"
		Release.AspNetCompiler.VirtualPath = "/localhost_51056"
		Release.AspNetCompiler.PhysicalPath = "..\Web_Login\"
		Release.AspNetCompiler.TargetPath = "PrecompiledWeb\localhost_51056\"
		Release.AspNetCompiler.Updateable = "true"
		Release.AspNetCompiler.ForceOverwrite = "true"
		Release.AspNetCompiler.FixedNames = "false"
		Release.AspNetCompiler.Debug = "False"
		VWDPort = "51056"
		SlnRelativePath = "..\Web_Login\"
		DefaultWebSiteLanguage = "Visual C#"
	EndProjectSection
EndProject
Project("{FAE04EC0-301F-11D3-BF4B-00C04F79EFBC}") = "DAL", "..\DAL\DAL.csproj", "{AB79FCB6-0D2F-439C-BBE4-025A775FADDD}"
EndProject
Project("{FAE04EC0-301F-11D3-BF4B-00C04F79EFBC}") = "BLL", "..\BLL\BLL.csproj", "{37A95A28-3442-4FC7-9A1A-DE41425740ED}"
EndProject
Project("{FAE04EC0-301F-11D3-BF4B-00C04F79EFBC}") = "BE", "..\BE\BE.csproj", "{49C19490-AC62-429F-8411-F50826478C25}"
EndProject
Project("{FAE04EC0-301F-11D3-BF4B-00C04F79EFBC}") = "SERVICIOS", "..\SERVICIOS\SERVICIOS.csproj", "{55839AD5-BEE4-4A51-880A-FE591058579A}"
EndProject
Global
	GlobalSection(SolutionConfigurationPlatforms) = preSolution
		Debug|Any CPU = Debug|Any CPU
		Release|Any CPU = Release|Any CPU
	EndGlobalSection
	GlobalSection(ProjectConfigurationPlatforms) = postSolution
		{5DF71D1F-94AA-41CE-8A20-84718486F469}.Debug|Any CPU.ActiveCfg = Debug|Any CPU
		{5DF71D1F-94AA-41CE-8A20-84718486F469}.Debug|Any CPU.Build.0 = Debug|Any CPU
		{5DF71D1F-94AA-41CE-8A20-84718486F469}.Release|Any CPU.ActiveCfg = Debug|Any CPU
		{5DF71D1F-94AA-41CE-8A20-84718486F469}.Release|Any CPU.Build.0 = Debug|Any CPU
		{AB79FCB6-0D2F-439C-BBE4-025A775FADDD}.Debug|Any CPU.ActiveCfg = Debug|Any CPU
		{AB79FCB6-0D2F-439C-BBE4-025A775FADDD}.Debug|Any CPU.Build.0 = Debug|Any CPU
		{AB79FCB6-0D2F-439C-BBE4-025A775FADDD}.Release|Any CPU.ActiveCfg = Release|Any CPU
		{AB79FCB6-0D2F-439C-BBE4-025A775FADDD}.Release|Any CPU.Build.0 = Release|Any CPU
		{37A95A28-3442-4FC7-9A1A-DE41425740ED}.Debug|Any CPU.ActiveCfg = Debug|Any CPU
		{37A95A28-3442-4FC7-9A1A-DE41425740ED}.Debug|Any CPU.Build.0 = Debug|Any CPU
		{37A95A28-3442-4FC7-9A1A-DE41425740ED}.Release|Any CPU.ActiveCfg = Release|Any CPU
		{37A95A28-3442-4FC7-9A1A-DE41425740ED}.Release|Any CPU.Build.0 = Release|Any CPU
		{49C19490-AC62-429F-8411-F50826478C25}.Debug|Any CPU.ActiveCfg = Debug|Any CPU
		{49C19490-AC62-429F-8411-F50826478C25}.Debug|Any CPU.Build.0 = Debug|Any CPU
		{49C19490-AC62-429F-8411-F50826478C25}.Release|Any CPU.ActiveCfg = Release|Any CPU
		{49C19490-AC62-429F-8411-F50826478C25}.Release|Any CPU.Build.0 = Release|Any CPU
		{55839AD5-BEE4-4A51-880A-FE591058579A}.Debug|Any CPU.ActiveCfg = Debug|Any CPU
		{55839AD5-BEE4-4A51-880A-FE591058579A}.Debug|Any CPU.Build.0 = Debug|Any CPU
		{55839AD5-BEE4-4A51-880A-FE591058579A}.Release|Any CPU.ActiveCfg = Release|Any CPU
		{55839AD5-BEE4-4A51-880A-FE591058579A}.Release|Any CPU.Build.0 = Release|Any CPU
	EndGlobalSection
	GlobalSection(SolutionProperties) = preSolution
		HideSolutionNode = FALSE
	EndGlobalSection
EndGlobal
